
Microsoft Visual Studio Solution File, Format Version 12.00
Project("{2150E333-8FDC-42A3-9474-1A3956D46DE8}") = "src", "src", "{7903680B-1B82-4F62-B609-280EE248D392}"
EndProject
Project("{2150E333-8FDC-42A3-9474-1A3956D46DE8}") = "Core", "Core", "{1F50BA0D-B855-4FE3-8D6A-3A7974E53799}"
EndProject
Project("{2150E333-8FDC-42A3-9474-1A3956D46DE8}") = "Infraestructure", "Infraestructure", "{0514E0BD-0833-410B-AD3D-8F64083871B1}"
EndProject
Project("{2150E333-8FDC-42A3-9474-1A3956D46DE8}") = "Presentation", "Presentation", "{78EBAD10-80CE-4E5A-B85E-9D60488F73AE}"
EndProject
Project("{FAE04EC0-301F-11D3-BF4B-00C04F79EFBC}") = "Application", "Application\Application.csproj", "{3207D75F-42A6-45FB-9458-4E05787FDF92}"
EndProject
Project("{FAE04EC0-301F-11D3-BF4B-00C04F79EFBC}") = "Domain", "Domain\Domain.csproj", "{4F53BA00-612C-47F3-9AAA-0A96E7602190}"
EndProject
Project("{FAE04EC0-301F-11D3-BF4B-00C04F79EFBC}") = "Persistence", "Persistence\Persistence.csproj", "{DC64F026-CB7F-4ECE-B14D-FB26BBDBC7B5}"
EndProject
Project("{FAE04EC0-301F-11D3-BF4B-00C04F79EFBC}") = "Shared", "Shared\Shared.csproj", "{437009D0-D220-4349-A8DE-563AB54C078C}"
EndProject
Project("{FAE04EC0-301F-11D3-BF4B-00C04F79EFBC}") = "WebAPI", "WebAPI\WebAPI.csproj", "{E9CBCD00-7F8C-41D5-B1B6-E7AACEFBF96F}"
EndProject
Global
	GlobalSection(SolutionConfigurationPlatforms) = preSolution
		Debug|Any CPU = Debug|Any CPU
		Release|Any CPU = Release|Any CPU
	EndGlobalSection
	GlobalSection(NestedProjects) = preSolution
		{1F50BA0D-B855-4FE3-8D6A-3A7974E53799} = {7903680B-1B82-4F62-B609-280EE248D392}
		{0514E0BD-0833-410B-AD3D-8F64083871B1} = {7903680B-1B82-4F62-B609-280EE248D392}
		{78EBAD10-80CE-4E5A-B85E-9D60488F73AE} = {7903680B-1B82-4F62-B609-280EE248D392}
		{3207D75F-42A6-45FB-9458-4E05787FDF92} = {1F50BA0D-B855-4FE3-8D6A-3A7974E53799}
		{4F53BA00-612C-47F3-9AAA-0A96E7602190} = {1F50BA0D-B855-4FE3-8D6A-3A7974E53799}
		{DC64F026-CB7F-4ECE-B14D-FB26BBDBC7B5} = {0514E0BD-0833-410B-AD3D-8F64083871B1}
		{437009D0-D220-4349-A8DE-563AB54C078C} = {0514E0BD-0833-410B-AD3D-8F64083871B1}
		{E9CBCD00-7F8C-41D5-B1B6-E7AACEFBF96F} = {78EBAD10-80CE-4E5A-B85E-9D60488F73AE}
	EndGlobalSection
	GlobalSection(ProjectConfigurationPlatforms) = postSolution
		{3207D75F-42A6-45FB-9458-4E05787FDF92}.Debug|Any CPU.ActiveCfg = Debug|Any CPU
		{3207D75F-42A6-45FB-9458-4E05787FDF92}.Debug|Any CPU.Build.0 = Debug|Any CPU
		{3207D75F-42A6-45FB-9458-4E05787FDF92}.Release|Any CPU.ActiveCfg = Release|Any CPU
		{3207D75F-42A6-45FB-9458-4E05787FDF92}.Release|Any CPU.Build.0 = Release|Any CPU
		{4F53BA00-612C-47F3-9AAA-0A96E7602190}.Debug|Any CPU.ActiveCfg = Debug|Any CPU
		{4F53BA00-612C-47F3-9AAA-0A96E7602190}.Debug|Any CPU.Build.0 = Debug|Any CPU
		{4F53BA00-612C-47F3-9AAA-0A96E7602190}.Release|Any CPU.ActiveCfg = Release|Any CPU
		{4F53BA00-612C-47F3-9AAA-0A96E7602190}.Release|Any CPU.Build.0 = Release|Any CPU
		{DC64F026-CB7F-4ECE-B14D-FB26BBDBC7B5}.Debug|Any CPU.ActiveCfg = Debug|Any CPU
		{DC64F026-CB7F-4ECE-B14D-FB26BBDBC7B5}.Debug|Any CPU.Build.0 = Debug|Any CPU
		{DC64F026-CB7F-4ECE-B14D-FB26BBDBC7B5}.Release|Any CPU.ActiveCfg = Release|Any CPU
		{DC64F026-CB7F-4ECE-B14D-FB26BBDBC7B5}.Release|Any CPU.Build.0 = Release|Any CPU
		{437009D0-D220-4349-A8DE-563AB54C078C}.Debug|Any CPU.ActiveCfg = Debug|Any CPU
		{437009D0-D220-4349-A8DE-563AB54C078C}.Debug|Any CPU.Build.0 = Debug|Any CPU
		{437009D0-D220-4349-A8DE-563AB54C078C}.Release|Any CPU.ActiveCfg = Release|Any CPU
		{437009D0-D220-4349-A8DE-563AB54C078C}.Release|Any CPU.Build.0 = Release|Any CPU
		{E9CBCD00-7F8C-41D5-B1B6-E7AACEFBF96F}.Debug|Any CPU.ActiveCfg = Debug|Any CPU
		{E9CBCD00-7F8C-41D5-B1B6-E7AACEFBF96F}.Debug|Any CPU.Build.0 = Debug|Any CPU
		{E9CBCD00-7F8C-41D5-B1B6-E7AACEFBF96F}.Release|Any CPU.ActiveCfg = Release|Any CPU
		{E9CBCD00-7F8C-41D5-B1B6-E7AACEFBF96F}.Release|Any CPU.Build.0 = Release|Any CPU
	EndGlobalSection
EndGlobal
